
Microsoft Visual Studio Solution File, Format Version 12.00
# Visual Studio Version 17
VisualStudioVersion = 17.0.32014.148
MinimumVisualStudioVersion = 10.0.40219.1
Project("{FAE04EC0-301F-11D3-BF4B-00C04F79EFBC}") = "b1336-test-task", "b1336-test-task\b1336-test-task.csproj", "{1CE5A31D-744E-4F84-9EED-1B8342450F23}"
EndProject
Global
	GlobalSection(SolutionConfigurationPlatforms) = preSolution
		Debug|Any CPU = Debug|Any CPU
		Release|Any CPU = Release|Any CPU
	EndGlobalSection
	GlobalSection(ProjectConfigurationPlatforms) = postSolution
		{1CE5A31D-744E-4F84-9EED-1B8342450F23}.Debug|Any CPU.ActiveCfg = Debug|Any CPU
		{1CE5A31D-744E-4F84-9EED-1B8342450F23}.Debug|Any CPU.Build.0 = Debug|Any CPU
		{1CE5A31D-744E-4F84-9EED-1B8342450F23}.Release|Any CPU.ActiveCfg = Release|Any CPU
		{1CE5A31D-744E-4F84-9EED-1B8342450F23}.Release|Any CPU.Build.0 = Release|Any CPU
	EndGlobalSection
	GlobalSection(SolutionProperties) = preSolution
		HideSolutionNode = FALSE
	EndGlobalSection
	GlobalSection(ExtensibilityGlobals) = postSolution
		SolutionGuid = {64361E9E-71E1-4277-A7F5-E7E5B42C58A7}
	EndGlobalSection
EndGlobal
